
Microsoft Visual Studio Solution File, Format Version 12.00
# Visual Studio Version 17
VisualStudioVersion = 17.0.32112.339
MinimumVisualStudioVersion = 10.0.40219.1
Project("{FAE04EC0-301F-11D3-BF4B-00C04F79EFBC}") = "LogicalPrograms", "LogicalPrograms.csproj", "{C081D765-8F50-4F28-9D76-3D11FAA2001D}"
EndProject
Global
	GlobalSection(SolutionConfigurationPlatforms) = preSolution
		Debug|Any CPU = Debug|Any CPU
		Release|Any CPU = Release|Any CPU
	EndGlobalSection
	GlobalSection(ProjectConfigurationPlatforms) = postSolution
		{C081D765-8F50-4F28-9D76-3D11FAA2001D}.Debug|Any CPU.ActiveCfg = Debug|Any CPU
		{C081D765-8F50-4F28-9D76-3D11FAA2001D}.Debug|Any CPU.Build.0 = Debug|Any CPU
		{C081D765-8F50-4F28-9D76-3D11FAA2001D}.Release|Any CPU.ActiveCfg = Release|Any CPU
		{C081D765-8F50-4F28-9D76-3D11FAA2001D}.Release|Any CPU.Build.0 = Release|Any CPU
	EndGlobalSection
	GlobalSection(SolutionProperties) = preSolution
		HideSolutionNode = FALSE
	EndGlobalSection
	GlobalSection(ExtensibilityGlobals) = postSolution
		SolutionGuid = {B91AEEC6-E6D9-466B-8A59-5CD4D5D2039F}
	EndGlobalSection
EndGlobal
